
Microsoft Visual Studio Solution File, Format Version 12.00
# Visual Studio Version 16
VisualStudioVersion = 16.0.34031.81
MinimumVisualStudioVersion = 10.0.40219.1
Project("{FAE04EC0-301F-11D3-BF4B-00C04F79EFBC}") = "MVCMANTENIMIENTO", "MVCMANTENIMIENTO\MVCMANTENIMIENTO.csproj", "{90B3C051-16B5-4AF1-A9F4-077007AE5501}"
EndProject
Global
	GlobalSection(SolutionConfigurationPlatforms) = preSolution
		Debug|Any CPU = Debug|Any CPU
		Release|Any CPU = Release|Any CPU
	EndGlobalSection
	GlobalSection(ProjectConfigurationPlatforms) = postSolution
		{90B3C051-16B5-4AF1-A9F4-077007AE5501}.Debug|Any CPU.ActiveCfg = Debug|Any CPU
		{90B3C051-16B5-4AF1-A9F4-077007AE5501}.Debug|Any CPU.Build.0 = Debug|Any CPU
		{90B3C051-16B5-4AF1-A9F4-077007AE5501}.Release|Any CPU.ActiveCfg = Release|Any CPU
		{90B3C051-16B5-4AF1-A9F4-077007AE5501}.Release|Any CPU.Build.0 = Release|Any CPU
	EndGlobalSection
	GlobalSection(SolutionProperties) = preSolution
		HideSolutionNode = FALSE
	EndGlobalSection
	GlobalSection(ExtensibilityGlobals) = postSolution
		SolutionGuid = {EF41562C-4B0F-42F3-BAB2-D536EA4F3726}
	EndGlobalSection
EndGlobal
